
Microsoft Visual Studio Solution File, Format Version 12.00
# Visual Studio 2013
VisualStudioVersion = 12.0.31101.0
MinimumVisualStudioVersion = 10.0.40219.1
Project("{2150E333-8FDC-42A3-9474-1A3956D46DE8}") = "Solution Items", "Solution Items", "{EBDDF038-0349-4A1A-A3E5-05C4DCEC8FFF}"
	ProjectSection(SolutionItems) = preProject
		Local.testsettings = Local.testsettings
		QAManagement.vsmdi = QAManagement.vsmdi
		TraceAndTestImpact.testsettings = TraceAndTestImpact.testsettings
	EndProjectSection
EndProject
Project("{2150E333-8FDC-42A3-9474-1A3956D46DE8}") = "Services", "Services", "{F0D1987E-FA11-43F6-8FBA-BDA6AA4DB86C}"
EndProject
Project("{FAE04EC0-301F-11D3-BF4B-00C04F79EFBC}") = "Site", "Site\Site.csproj", "{45584D79-0727-41D0-B570-6EF919C5C7CC}"
EndProject
Project("{FAE04EC0-301F-11D3-BF4B-00C04F79EFBC}") = "QAManagement.Data", "QAManagement.Data\QAManagement.Data.csproj", "{88F3930A-4530-40C6-96B7-AE2A955A7A92}"
EndProject
Project("{FAE04EC0-301F-11D3-BF4B-00C04F79EFBC}") = "QAManagement.Views", "QAManagement.Views\QAManagement.Views.csproj", "{10BBFA2A-7557-4423-BD96-D4408EEBAE22}"
EndProject
Project("{FAE04EC0-301F-11D3-BF4B-00C04F79EFBC}") = "QAManagement.WebSite", "QAManagement.WebSite\QAManagement.WebSite.csproj", "{4E4869B7-DE2E-4DA0-BE40-ED9931820143}"
EndProject
Project("{FAE04EC0-301F-11D3-BF4B-00C04F79EFBC}") = "QAManagement.AssessmentAgent", "QAManagement.AssessmentAgent\QAManagement.AssessmentAgent.csproj", "{FACF997D-6821-4C5A-856B-CB8F4C7E059B}"
	ProjectSection(ProjectDependencies) = postProject
		{E97D0932-27FD-4AED-9A55-BC0C07E183B3} = {E97D0932-27FD-4AED-9A55-BC0C07E183B3}
	EndProjectSection
EndProject
Project("{FAE04EC0-301F-11D3-BF4B-00C04F79EFBC}") = "QAManagement.Data.Services", "QAManagement.Data.Services\QAManagement.Data.Services.csproj", "{73006EAF-E6A8-40F0-9ACC-1C034B43E4FB}"
EndProject
Project("{FAE04EC0-301F-11D3-BF4B-00C04F79EFBC}") = "QAManagement.Providers", "QAManagement.Providers\QAManagement.Providers.csproj", "{5D35AE36-A0B1-4E38-B7B4-0C581D22D186}"
EndProject
Project("{FAE04EC0-301F-11D3-BF4B-00C04F79EFBC}") = "QAManager.Data.Services.DataContracts", "QAManager.Data.Service.Interface\QAManager.Data.Services.DataContracts.csproj", "{018F1D81-B21D-4429-AE3F-DB39582C11A5}"
EndProject
Project("{FAE04EC0-301F-11D3-BF4B-00C04F79EFBC}") = "QAManagement.WorkingSite", "QAManagement.WorkingSite\QAManagement.WorkingSite.csproj", "{3FFE598F-C8E8-4411-9C81-50647AF91EFA}"
	ProjectSection(ProjectDependencies) = postProject
		{73006EAF-E6A8-40F0-9ACC-1C034B43E4FB} = {73006EAF-E6A8-40F0-9ACC-1C034B43E4FB}
	EndProjectSection
EndProject
Project("{FAE04EC0-301F-11D3-BF4B-00C04F79EFBC}") = "QAManagement.UnitTests", "QAManagement.UnitTests\QAManagement.UnitTests.csproj", "{CCF94153-EA41-48FE-B8FE-10862948C7B1}"
EndProject
Project("{FAE04EC0-301F-11D3-BF4B-00C04F79EFBC}") = "QAManagement.TestAssistant", "QAManagement.TestAssistant\QAManagement.TestAssistant.csproj", "{25B9FB42-E270-49B3-AAB0-D5FAE4ED6CCB}"
EndProject
Project("{FAE04EC0-301F-11D3-BF4B-00C04F79EFBC}") = "CRMEntityPOCOGenerator", "CRMEntityPOCOGenerator\CRMEntityPOCOGenerator.csproj", "{C0B6CE74-540B-455C-A99B-01F0DE723162}"
EndProject
Project("{F088123C-0E9E-452A-89E6-6BA2F21D5CAC}") = "QAManagement.Model", "QAManagement.Model\QAManagement.Model.modelproj", "{5CF808D8-D9C6-4378-99C6-AFCBEFA0C895}"
EndProject
Project("{FAE04EC0-301F-11D3-BF4B-00C04F79EFBC}") = "QAManagement.AgentService", "QAManagement.AgentService\QAManagement.AgentService.csproj", "{E97D0932-27FD-4AED-9A55-BC0C07E183B3}"
EndProject
Global
	GlobalSection(TeamFoundationVersionControl) = preSolution
		SccNumberOfProjects = 15
		SccEnterpriseProvider = {4CA58AB2-18FA-4F8D-95D4-32DDF27D184C}
		SccTeamFoundationServer = https://donaldrichardson.visualstudio.com/defaultcollection
		SccLocalPath0 = .
		SccProjectUniqueName1 = CRMEntityPOCOGenerator\\CRMEntityPOCOGenerator.csproj
		SccProjectName1 = CRMEntityPOCOGenerator
		SccLocalPath1 = CRMEntityPOCOGenerator
		SccProjectUniqueName2 = QAManagement.AgentService\\QAManagement.AgentService.csproj
		SccProjectName2 = QAManagement.AgentService
		SccLocalPath2 = QAManagement.AgentService
		SccProjectUniqueName3 = QAManagement.AssessmentAgent\\QAManagement.AssessmentAgent.csproj
		SccProjectName3 = QAManagement.AssessmentAgent
		SccLocalPath3 = QAManagement.AssessmentAgent
		SccProjectUniqueName4 = QAManagement.Data.Services\\QAManagement.Data.Services.csproj
		SccProjectName4 = QAManagement.Data.Services
		SccLocalPath4 = QAManagement.Data.Services
		SccProjectUniqueName5 = QAManagement.Data\\QAManagement.Data.csproj
		SccProjectName5 = QAManagement.Data
		SccLocalPath5 = QAManagement.Data
		SccProjectUniqueName6 = QAManagement.Model\\QAManagement.Model.modelproj
		SccProjectName6 = QAManagement.Model
		SccLocalPath6 = QAManagement.Model
		SccProjectUniqueName7 = QAManagement.Providers\\QAManagement.Providers.csproj
		SccProjectName7 = QAManagement.Providers
		SccLocalPath7 = QAManagement.Providers
		SccProjectUniqueName8 = QAManagement.TestAssistant\\QAManagement.TestAssistant.csproj
		SccProjectName8 = QAManagement.TestAssistant
		SccLocalPath8 = QAManagement.TestAssistant
		SccProjectUniqueName9 = QAManagement.UnitTests\\QAManagement.UnitTests.csproj
		SccProjectName9 = QAManagement.UnitTests
		SccLocalPath9 = QAManagement.UnitTests
		SccProjectUniqueName10 = QAManagement.Views\\QAManagement.Views.csproj
		SccProjectName10 = QAManagement.Views
		SccLocalPath10 = QAManagement.Views
		SccProjectUniqueName11 = QAManagement.WebSite\\QAManagement.WebSite.csproj
		SccProjectName11 = QAManagement.WebSite
		SccLocalPath11 = QAManagement.WebSite
		SccProjectUniqueName12 = QAManagement.WorkingSite\\QAManagement.WorkingSite.csproj
		SccProjectName12 = QAManagement.WorkingSite
		SccLocalPath12 = QAManagement.WorkingSite
		SccProjectUniqueName13 = QAManager.Data.Service.Interface\\QAManager.Data.Services.DataContracts.csproj
		SccProjectName13 = QAManager.Data.Service.Interface
		SccLocalPath13 = QAManager.Data.Service.Interface
		SccProjectUniqueName14 = Site\\Site.csproj
		SccProjectName14 = Site
		SccLocalPath14 = Site
	EndGlobalSection
	GlobalSection(SolutionConfigurationPlatforms) = preSolution
		Debug|Any CPU = Debug|Any CPU
		Debug|Mixed Platforms = Debug|Mixed Platforms
		Debug|x86 = Debug|x86
		Release|Any CPU = Release|Any CPU
		Release|Mixed Platforms = Release|Mixed Platforms
		Release|x86 = Release|x86
		VDebuf|Any CPU = VDebuf|Any CPU
		VDebuf|Mixed Platforms = VDebuf|Mixed Platforms
		VDebuf|x86 = VDebuf|x86
		VDebug|Any CPU = VDebug|Any CPU
		VDebug|Mixed Platforms = VDebug|Mixed Platforms
		VDebug|x86 = VDebug|x86
		visual|Any CPU = visual|Any CPU
		visual|Mixed Platforms = visual|Mixed Platforms
		visual|x86 = visual|x86
	EndGlobalSection
	GlobalSection(ProjectConfigurationPlatforms) = postSolution
		{45584D79-0727-41D0-B570-6EF919C5C7CC}.Debug|Any CPU.ActiveCfg = Debug|Any CPU
		{45584D79-0727-41D0-B570-6EF919C5C7CC}.Debug|Any CPU.Build.0 = Debug|Any CPU
		{45584D79-0727-41D0-B570-6EF919C5C7CC}.Debug|Mixed Platforms.ActiveCfg = Debug|Any CPU
		{45584D79-0727-41D0-B570-6EF919C5C7CC}.Debug|x86.ActiveCfg = Debug|Any CPU
		{45584D79-0727-41D0-B570-6EF919C5C7CC}.Release|Any CPU.ActiveCfg = Release|Any CPU
		{45584D79-0727-41D0-B570-6EF919C5C7CC}.Release|Any CPU.Build.0 = Release|Any CPU
		{45584D79-0727-41D0-B570-6EF919C5C7CC}.Release|Mixed Platforms.ActiveCfg = Release|Any CPU
		{45584D79-0727-41D0-B570-6EF919C5C7CC}.Release|Mixed Platforms.Build.0 = Release|Any CPU
		{45584D79-0727-41D0-B570-6EF919C5C7CC}.Release|x86.ActiveCfg = Release|Any CPU
		{45584D79-0727-41D0-B570-6EF919C5C7CC}.VDebuf|Any CPU.ActiveCfg = VDebuf|Any CPU
		{45584D79-0727-41D0-B570-6EF919C5C7CC}.VDebuf|Any CPU.Build.0 = VDebuf|Any CPU
		{45584D79-0727-41D0-B570-6EF919C5C7CC}.VDebuf|Mixed Platforms.ActiveCfg = VDebuf|Any CPU
		{45584D79-0727-41D0-B570-6EF919C5C7CC}.VDebuf|Mixed Platforms.Build.0 = VDebuf|Any CPU
		{45584D79-0727-41D0-B570-6EF919C5C7CC}.VDebuf|x86.ActiveCfg = VDebuf|Any CPU
		{45584D79-0727-41D0-B570-6EF919C5C7CC}.VDebug|Any CPU.ActiveCfg = VDebug|Any CPU
		{45584D79-0727-41D0-B570-6EF919C5C7CC}.VDebug|Any CPU.Build.0 = VDebug|Any CPU
		{45584D79-0727-41D0-B570-6EF919C5C7CC}.VDebug|Mixed Platforms.ActiveCfg = VDebug|Any CPU
		{45584D79-0727-41D0-B570-6EF919C5C7CC}.VDebug|Mixed Platforms.Build.0 = VDebug|Any CPU
		{45584D79-0727-41D0-B570-6EF919C5C7CC}.VDebug|x86.ActiveCfg = VDebug|Any CPU
		{45584D79-0727-41D0-B570-6EF919C5C7CC}.visual|Any CPU.ActiveCfg = visual|Any CPU
		{45584D79-0727-41D0-B570-6EF919C5C7CC}.visual|Any CPU.Build.0 = visual|Any CPU
		{45584D79-0727-41D0-B570-6EF919C5C7CC}.visual|Mixed Platforms.ActiveCfg = visual|Any CPU
		{45584D79-0727-41D0-B570-6EF919C5C7CC}.visual|Mixed Platforms.Build.0 = visual|Any CPU
		{45584D79-0727-41D0-B570-6EF919C5C7CC}.visual|x86.ActiveCfg = visual|Any CPU
		{88F3930A-4530-40C6-96B7-AE2A955A7A92}.Debug|Any CPU.ActiveCfg = Debug|Any CPU
		{88F3930A-4530-40C6-96B7-AE2A955A7A92}.Debug|Any CPU.Build.0 = Debug|Any CPU
		{88F3930A-4530-40C6-96B7-AE2A955A7A92}.Debug|Mixed Platforms.ActiveCfg = Debug|Any CPU
		{88F3930A-4530-40C6-96B7-AE2A955A7A92}.Debug|Mixed Platforms.Build.0 = Debug|Any CPU
		{88F3930A-4530-40C6-96B7-AE2A955A7A92}.Debug|x86.ActiveCfg = Debug|Any CPU
		{88F3930A-4530-40C6-96B7-AE2A955A7A92}.Release|Any CPU.ActiveCfg = Release|Any CPU
		{88F3930A-4530-40C6-96B7-AE2A955A7A92}.Release|Any CPU.Build.0 = Release|Any CPU
		{88F3930A-4530-40C6-96B7-AE2A955A7A92}.Release|Mixed Platforms.ActiveCfg = Release|Any CPU
		{88F3930A-4530-40C6-96B7-AE2A955A7A92}.Release|Mixed Platforms.Build.0 = Release|Any CPU
		{88F3930A-4530-40C6-96B7-AE2A955A7A92}.Release|x86.ActiveCfg = Release|Any CPU
		{88F3930A-4530-40C6-96B7-AE2A955A7A92}.VDebuf|Any CPU.ActiveCfg = VDebuf|Any CPU
		{88F3930A-4530-40C6-96B7-AE2A955A7A92}.VDebuf|Any CPU.Build.0 = VDebuf|Any CPU
		{88F3930A-4530-40C6-96B7-AE2A955A7A92}.VDebuf|Mixed Platforms.ActiveCfg = VDebuf|Any CPU
		{88F3930A-4530-40C6-96B7-AE2A955A7A92}.VDebuf|Mixed Platforms.Build.0 = VDebuf|Any CPU
		{88F3930A-4530-40C6-96B7-AE2A955A7A92}.VDebuf|x86.ActiveCfg = VDebuf|Any CPU
		{88F3930A-4530-40C6-96B7-AE2A955A7A92}.VDebug|Any CPU.ActiveCfg = VDebug|Any CPU
		{88F3930A-4530-40C6-96B7-AE2A955A7A92}.VDebug|Any CPU.Build.0 = VDebug|Any CPU
		{88F3930A-4530-40C6-96B7-AE2A955A7A92}.VDebug|Mixed Platforms.ActiveCfg = VDebug|Any CPU
		{88F3930A-4530-40C6-96B7-AE2A955A7A92}.VDebug|Mixed Platforms.Build.0 = VDebug|Any CPU
		{88F3930A-4530-40C6-96B7-AE2A955A7A92}.VDebug|x86.ActiveCfg = VDebug|Any CPU
		{88F3930A-4530-40C6-96B7-AE2A955A7A92}.visual|Any CPU.ActiveCfg = visual|Any CPU
		{88F3930A-4530-40C6-96B7-AE2A955A7A92}.visual|Any CPU.Build.0 = visual|Any CPU
		{88F3930A-4530-40C6-96B7-AE2A955A7A92}.visual|Mixed Platforms.ActiveCfg = visual|Any CPU
		{88F3930A-4530-40C6-96B7-AE2A955A7A92}.visual|Mixed Platforms.Build.0 = visual|Any CPU
		{88F3930A-4530-40C6-96B7-AE2A955A7A92}.visual|x86.ActiveCfg = visual|Any CPU
		{10BBFA2A-7557-4423-BD96-D4408EEBAE22}.Debug|Any CPU.ActiveCfg = Debug|Any CPU
		{10BBFA2A-7557-4423-BD96-D4408EEBAE22}.Debug|Any CPU.Build.0 = Debug|Any CPU
		{10BBFA2A-7557-4423-BD96-D4408EEBAE22}.Debug|Mixed Platforms.ActiveCfg = Debug|Any CPU
		{10BBFA2A-7557-4423-BD96-D4408EEBAE22}.Debug|x86.ActiveCfg = Debug|Any CPU
		{10BBFA2A-7557-4423-BD96-D4408EEBAE22}.Release|Any CPU.ActiveCfg = Release|Any CPU
		{10BBFA2A-7557-4423-BD96-D4408EEBAE22}.Release|Any CPU.Build.0 = Release|Any CPU
		{10BBFA2A-7557-4423-BD96-D4408EEBAE22}.Release|Mixed Platforms.ActiveCfg = Release|Any CPU
		{10BBFA2A-7557-4423-BD96-D4408EEBAE22}.Release|Mixed Platforms.Build.0 = Release|Any CPU
		{10BBFA2A-7557-4423-BD96-D4408EEBAE22}.Release|x86.ActiveCfg = Release|Any CPU
		{10BBFA2A-7557-4423-BD96-D4408EEBAE22}.VDebuf|Any CPU.ActiveCfg = VDebuf|Any CPU
		{10BBFA2A-7557-4423-BD96-D4408EEBAE22}.VDebuf|Any CPU.Build.0 = VDebuf|Any CPU
		{10BBFA2A-7557-4423-BD96-D4408EEBAE22}.VDebuf|Mixed Platforms.ActiveCfg = VDebuf|Any CPU
		{10BBFA2A-7557-4423-BD96-D4408EEBAE22}.VDebuf|Mixed Platforms.Build.0 = VDebuf|Any CPU
		{10BBFA2A-7557-4423-BD96-D4408EEBAE22}.VDebuf|x86.ActiveCfg = VDebuf|Any CPU
		{10BBFA2A-7557-4423-BD96-D4408EEBAE22}.VDebug|Any CPU.ActiveCfg = VDebug|Any CPU
		{10BBFA2A-7557-4423-BD96-D4408EEBAE22}.VDebug|Any CPU.Build.0 = VDebug|Any CPU
		{10BBFA2A-7557-4423-BD96-D4408EEBAE22}.VDebug|Mixed Platforms.ActiveCfg = VDebug|Any CPU
		{10BBFA2A-7557-4423-BD96-D4408EEBAE22}.VDebug|Mixed Platforms.Build.0 = VDebug|Any CPU
		{10BBFA2A-7557-4423-BD96-D4408EEBAE22}.VDebug|x86.ActiveCfg = VDebug|Any CPU
		{10BBFA2A-7557-4423-BD96-D4408EEBAE22}.visual|Any CPU.ActiveCfg = visual|Any CPU
		{10BBFA2A-7557-4423-BD96-D4408EEBAE22}.visual|Any CPU.Build.0 = visual|Any CPU
		{10BBFA2A-7557-4423-BD96-D4408EEBAE22}.visual|Mixed Platforms.ActiveCfg = visual|Any CPU
		{10BBFA2A-7557-4423-BD96-D4408EEBAE22}.visual|Mixed Platforms.Build.0 = visual|Any CPU
		{10BBFA2A-7557-4423-BD96-D4408EEBAE22}.visual|x86.ActiveCfg = visual|Any CPU
		{4E4869B7-DE2E-4DA0-BE40-ED9931820143}.Debug|Any CPU.ActiveCfg = Debug|Any CPU
		{4E4869B7-DE2E-4DA0-BE40-ED9931820143}.Debug|Any CPU.Build.0 = Debug|Any CPU
		{4E4869B7-DE2E-4DA0-BE40-ED9931820143}.Debug|Mixed Platforms.ActiveCfg = Debug|Any CPU
		{4E4869B7-DE2E-4DA0-BE40-ED9931820143}.Debug|Mixed Platforms.Build.0 = Debug|Any CPU
		{4E4869B7-DE2E-4DA0-BE40-ED9931820143}.Debug|x86.ActiveCfg = Debug|Any CPU
		{4E4869B7-DE2E-4DA0-BE40-ED9931820143}.Release|Any CPU.ActiveCfg = Release|Any CPU
		{4E4869B7-DE2E-4DA0-BE40-ED9931820143}.Release|Any CPU.Build.0 = Release|Any CPU
		{4E4869B7-DE2E-4DA0-BE40-ED9931820143}.Release|Mixed Platforms.ActiveCfg = Release|Any CPU
		{4E4869B7-DE2E-4DA0-BE40-ED9931820143}.Release|Mixed Platforms.Build.0 = Release|Any CPU
		{4E4869B7-DE2E-4DA0-BE40-ED9931820143}.Release|x86.ActiveCfg = Release|Any CPU
		{4E4869B7-DE2E-4DA0-BE40-ED9931820143}.VDebuf|Any CPU.ActiveCfg = VDebuf|Any CPU
		{4E4869B7-DE2E-4DA0-BE40-ED9931820143}.VDebuf|Any CPU.Build.0 = VDebuf|Any CPU
		{4E4869B7-DE2E-4DA0-BE40-ED9931820143}.VDebuf|Mixed Platforms.ActiveCfg = VDebuf|Any CPU
		{4E4869B7-DE2E-4DA0-BE40-ED9931820143}.VDebuf|Mixed Platforms.Build.0 = VDebuf|Any CPU
		{4E4869B7-DE2E-4DA0-BE40-ED9931820143}.VDebuf|x86.ActiveCfg = VDebuf|Any CPU
		{4E4869B7-DE2E-4DA0-BE40-ED9931820143}.VDebug|Any CPU.ActiveCfg = VDebug|Any CPU
		{4E4869B7-DE2E-4DA0-BE40-ED9931820143}.VDebug|Any CPU.Build.0 = VDebug|Any CPU
		{4E4869B7-DE2E-4DA0-BE40-ED9931820143}.VDebug|Mixed Platforms.ActiveCfg = VDebug|Any CPU
		{4E4869B7-DE2E-4DA0-BE40-ED9931820143}.VDebug|Mixed Platforms.Build.0 = VDebug|Any CPU
		{4E4869B7-DE2E-4DA0-BE40-ED9931820143}.VDebug|x86.ActiveCfg = VDebug|Any CPU
		{4E4869B7-DE2E-4DA0-BE40-ED9931820143}.visual|Any CPU.ActiveCfg = visual|Any CPU
		{4E4869B7-DE2E-4DA0-BE40-ED9931820143}.visual|Any CPU.Build.0 = visual|Any CPU
		{4E4869B7-DE2E-4DA0-BE40-ED9931820143}.visual|Mixed Platforms.ActiveCfg = visual|Any CPU
		{4E4869B7-DE2E-4DA0-BE40-ED9931820143}.visual|Mixed Platforms.Build.0 = visual|Any CPU
		{4E4869B7-DE2E-4DA0-BE40-ED9931820143}.visual|x86.ActiveCfg = visual|Any CPU
		{FACF997D-6821-4C5A-856B-CB8F4C7E059B}.Debug|Any CPU.ActiveCfg = Debug|x86
		{FACF997D-6821-4C5A-856B-CB8F4C7E059B}.Debug|Mixed Platforms.ActiveCfg = Debug|x86
		{FACF997D-6821-4C5A-856B-CB8F4C7E059B}.Debug|Mixed Platforms.Build.0 = Debug|x86
		{FACF997D-6821-4C5A-856B-CB8F4C7E059B}.Debug|x86.ActiveCfg = Debug|x86
		{FACF997D-6821-4C5A-856B-CB8F4C7E059B}.Debug|x86.Build.0 = Debug|x86
		{FACF997D-6821-4C5A-856B-CB8F4C7E059B}.Release|Any CPU.ActiveCfg = Release|x86
		{FACF997D-6821-4C5A-856B-CB8F4C7E059B}.Release|Mixed Platforms.ActiveCfg = Release|x86
		{FACF997D-6821-4C5A-856B-CB8F4C7E059B}.Release|Mixed Platforms.Build.0 = Release|x86
		{FACF997D-6821-4C5A-856B-CB8F4C7E059B}.Release|x86.ActiveCfg = Release|x86
		{FACF997D-6821-4C5A-856B-CB8F4C7E059B}.Release|x86.Build.0 = Release|x86
		{FACF997D-6821-4C5A-856B-CB8F4C7E059B}.VDebuf|Any CPU.ActiveCfg = VDebuf|x86
		{FACF997D-6821-4C5A-856B-CB8F4C7E059B}.VDebuf|Mixed Platforms.ActiveCfg = VDebuf|x86
		{FACF997D-6821-4C5A-856B-CB8F4C7E059B}.VDebuf|Mixed Platforms.Build.0 = VDebuf|x86
		{FACF997D-6821-4C5A-856B-CB8F4C7E059B}.VDebuf|x86.ActiveCfg = VDebuf|x86
		{FACF997D-6821-4C5A-856B-CB8F4C7E059B}.VDebuf|x86.Build.0 = VDebuf|x86
		{FACF997D-6821-4C5A-856B-CB8F4C7E059B}.VDebug|Any CPU.ActiveCfg = VDebug|x86
		{FACF997D-6821-4C5A-856B-CB8F4C7E059B}.VDebug|Mixed Platforms.ActiveCfg = VDebug|x86
		{FACF997D-6821-4C5A-856B-CB8F4C7E059B}.VDebug|Mixed Platforms.Build.0 = VDebug|x86
		{FACF997D-6821-4C5A-856B-CB8F4C7E059B}.VDebug|x86.ActiveCfg = VDebug|x86
		{FACF997D-6821-4C5A-856B-CB8F4C7E059B}.VDebug|x86.Build.0 = VDebug|x86
		{FACF997D-6821-4C5A-856B-CB8F4C7E059B}.visual|Any CPU.ActiveCfg = visual|x86
		{FACF997D-6821-4C5A-856B-CB8F4C7E059B}.visual|Mixed Platforms.ActiveCfg = visual|x86
		{FACF997D-6821-4C5A-856B-CB8F4C7E059B}.visual|Mixed Platforms.Build.0 = visual|x86
		{FACF997D-6821-4C5A-856B-CB8F4C7E059B}.visual|x86.ActiveCfg = visual|x86
		{FACF997D-6821-4C5A-856B-CB8F4C7E059B}.visual|x86.Build.0 = visual|x86
		{73006EAF-E6A8-40F0-9ACC-1C034B43E4FB}.Debug|Any CPU.ActiveCfg = Debug|Any CPU
		{73006EAF-E6A8-40F0-9ACC-1C034B43E4FB}.Debug|Any CPU.Build.0 = Debug|Any CPU
		{73006EAF-E6A8-40F0-9ACC-1C034B43E4FB}.Debug|Mixed Platforms.ActiveCfg = Debug|Any CPU
		{73006EAF-E6A8-40F0-9ACC-1C034B43E4FB}.Debug|Mixed Platforms.Build.0 = Debug|Any CPU
		{73006EAF-E6A8-40F0-9ACC-1C034B43E4FB}.Debug|x86.ActiveCfg = Debug|Any CPU
		{73006EAF-E6A8-40F0-9ACC-1C034B43E4FB}.Release|Any CPU.ActiveCfg = Release|Any CPU
		{73006EAF-E6A8-40F0-9ACC-1C034B43E4FB}.Release|Any CPU.Build.0 = Release|Any CPU
		{73006EAF-E6A8-40F0-9ACC-1C034B43E4FB}.Release|Mixed Platforms.ActiveCfg = Release|Any CPU
		{73006EAF-E6A8-40F0-9ACC-1C034B43E4FB}.Release|Mixed Platforms.Build.0 = Release|Any CPU
		{73006EAF-E6A8-40F0-9ACC-1C034B43E4FB}.Release|x86.ActiveCfg = Release|Any CPU
		{73006EAF-E6A8-40F0-9ACC-1C034B43E4FB}.VDebuf|Any CPU.ActiveCfg = VDebuf|Any CPU
		{73006EAF-E6A8-40F0-9ACC-1C034B43E4FB}.VDebuf|Any CPU.Build.0 = VDebuf|Any CPU
		{73006EAF-E6A8-40F0-9ACC-1C034B43E4FB}.VDebuf|Mixed Platforms.ActiveCfg = VDebuf|Any CPU
		{73006EAF-E6A8-40F0-9ACC-1C034B43E4FB}.VDebuf|Mixed Platforms.Build.0 = VDebuf|Any CPU
		{73006EAF-E6A8-40F0-9ACC-1C034B43E4FB}.VDebuf|x86.ActiveCfg = VDebuf|Any CPU
		{73006EAF-E6A8-40F0-9ACC-1C034B43E4FB}.VDebug|Any CPU.ActiveCfg = VDebug|Any CPU
		{73006EAF-E6A8-40F0-9ACC-1C034B43E4FB}.VDebug|Any CPU.Build.0 = VDebug|Any CPU
		{73006EAF-E6A8-40F0-9ACC-1C034B43E4FB}.VDebug|Mixed Platforms.ActiveCfg = VDebug|Any CPU
		{73006EAF-E6A8-40F0-9ACC-1C034B43E4FB}.VDebug|Mixed Platforms.Build.0 = VDebug|Any CPU
		{73006EAF-E6A8-40F0-9ACC-1C034B43E4FB}.VDebug|x86.ActiveCfg = VDebug|Any CPU
		{73006EAF-E6A8-40F0-9ACC-1C034B43E4FB}.visual|Any CPU.ActiveCfg = visual|Any CPU
		{73006EAF-E6A8-40F0-9ACC-1C034B43E4FB}.visual|Any CPU.Build.0 = visual|Any CPU
		{73006EAF-E6A8-40F0-9ACC-1C034B43E4FB}.visual|Mixed Platforms.ActiveCfg = visual|Any CPU
		{73006EAF-E6A8-40F0-9ACC-1C034B43E4FB}.visual|Mixed Platforms.Build.0 = visual|Any CPU
		{73006EAF-E6A8-40F0-9ACC-1C034B43E4FB}.visual|x86.ActiveCfg = visual|Any CPU
		{5D35AE36-A0B1-4E38-B7B4-0C581D22D186}.Debug|Any CPU.ActiveCfg = Debug|Any CPU
		{5D35AE36-A0B1-4E38-B7B4-0C581D22D186}.Debug|Any CPU.Build.0 = Debug|Any CPU
		{5D35AE36-A0B1-4E38-B7B4-0C581D22D186}.Debug|Mixed Platforms.ActiveCfg = Debug|Any CPU
		{5D35AE36-A0B1-4E38-B7B4-0C581D22D186}.Debug|x86.ActiveCfg = Debug|Any CPU
		{5D35AE36-A0B1-4E38-B7B4-0C581D22D186}.Release|Any CPU.ActiveCfg = Release|Any CPU
		{5D35AE36-A0B1-4E38-B7B4-0C581D22D186}.Release|Any CPU.Build.0 = Release|Any CPU
		{5D35AE36-A0B1-4E38-B7B4-0C581D22D186}.Release|Mixed Platforms.ActiveCfg = Release|Any CPU
		{5D35AE36-A0B1-4E38-B7B4-0C581D22D186}.Release|Mixed Platforms.Build.0 = Release|Any CPU
		{5D35AE36-A0B1-4E38-B7B4-0C581D22D186}.Release|x86.ActiveCfg = Release|Any CPU
		{5D35AE36-A0B1-4E38-B7B4-0C581D22D186}.VDebuf|Any CPU.ActiveCfg = VDebuf|Any CPU
		{5D35AE36-A0B1-4E38-B7B4-0C581D22D186}.VDebuf|Any CPU.Build.0 = VDebuf|Any CPU
		{5D35AE36-A0B1-4E38-B7B4-0C581D22D186}.VDebuf|Mixed Platforms.ActiveCfg = VDebuf|Any CPU
		{5D35AE36-A0B1-4E38-B7B4-0C581D22D186}.VDebuf|Mixed Platforms.Build.0 = VDebuf|Any CPU
		{5D35AE36-A0B1-4E38-B7B4-0C581D22D186}.VDebuf|x86.ActiveCfg = VDebuf|Any CPU
		{5D35AE36-A0B1-4E38-B7B4-0C581D22D186}.VDebug|Any CPU.ActiveCfg = VDebug|Any CPU
		{5D35AE36-A0B1-4E38-B7B4-0C581D22D186}.VDebug|Any CPU.Build.0 = VDebug|Any CPU
		{5D35AE36-A0B1-4E38-B7B4-0C581D22D186}.VDebug|Mixed Platforms.ActiveCfg = VDebug|Any CPU
		{5D35AE36-A0B1-4E38-B7B4-0C581D22D186}.VDebug|Mixed Platforms.Build.0 = VDebug|Any CPU
		{5D35AE36-A0B1-4E38-B7B4-0C581D22D186}.VDebug|x86.ActiveCfg = VDebug|Any CPU
		{5D35AE36-A0B1-4E38-B7B4-0C581D22D186}.visual|Any CPU.ActiveCfg = visual|Any CPU
		{5D35AE36-A0B1-4E38-B7B4-0C581D22D186}.visual|Any CPU.Build.0 = visual|Any CPU
		{5D35AE36-A0B1-4E38-B7B4-0C581D22D186}.visual|Mixed Platforms.ActiveCfg = visual|Any CPU
		{5D35AE36-A0B1-4E38-B7B4-0C581D22D186}.visual|Mixed Platforms.Build.0 = visual|Any CPU
		{5D35AE36-A0B1-4E38-B7B4-0C581D22D186}.visual|x86.ActiveCfg = visual|Any CPU
		{018F1D81-B21D-4429-AE3F-DB39582C11A5}.Debug|Any CPU.ActiveCfg = Debug|Any CPU
		{018F1D81-B21D-4429-AE3F-DB39582C11A5}.Debug|Any CPU.Build.0 = Debug|Any CPU
		{018F1D81-B21D-4429-AE3F-DB39582C11A5}.Debug|Mixed Platforms.ActiveCfg = Debug|Any CPU
		{018F1D81-B21D-4429-AE3F-DB39582C11A5}.Debug|Mixed Platforms.Build.0 = Debug|Any CPU
		{018F1D81-B21D-4429-AE3F-DB39582C11A5}.Debug|x86.ActiveCfg = Debug|Any CPU
		{018F1D81-B21D-4429-AE3F-DB39582C11A5}.Release|Any CPU.ActiveCfg = Release|Any CPU
		{018F1D81-B21D-4429-AE3F-DB39582C11A5}.Release|Any CPU.Build.0 = Release|Any CPU
		{018F1D81-B21D-4429-AE3F-DB39582C11A5}.Release|Mixed Platforms.ActiveCfg = Release|Any CPU
		{018F1D81-B21D-4429-AE3F-DB39582C11A5}.Release|Mixed Platforms.Build.0 = Release|Any CPU
		{018F1D81-B21D-4429-AE3F-DB39582C11A5}.Release|x86.ActiveCfg = Release|Any CPU
		{018F1D81-B21D-4429-AE3F-DB39582C11A5}.VDebuf|Any CPU.ActiveCfg = VDebuf|Any CPU
		{018F1D81-B21D-4429-AE3F-DB39582C11A5}.VDebuf|Any CPU.Build.0 = VDebuf|Any CPU
		{018F1D81-B21D-4429-AE3F-DB39582C11A5}.VDebuf|Mixed Platforms.ActiveCfg = VDebuf|Any CPU
		{018F1D81-B21D-4429-AE3F-DB39582C11A5}.VDebuf|Mixed Platforms.Build.0 = VDebuf|Any CPU
		{018F1D81-B21D-4429-AE3F-DB39582C11A5}.VDebuf|x86.ActiveCfg = VDebuf|Any CPU
		{018F1D81-B21D-4429-AE3F-DB39582C11A5}.VDebug|Any CPU.ActiveCfg = VDebug|Any CPU
		{018F1D81-B21D-4429-AE3F-DB39582C11A5}.VDebug|Any CPU.Build.0 = VDebug|Any CPU
		{018F1D81-B21D-4429-AE3F-DB39582C11A5}.VDebug|Mixed Platforms.ActiveCfg = VDebug|Any CPU
		{018F1D81-B21D-4429-AE3F-DB39582C11A5}.VDebug|Mixed Platforms.Build.0 = VDebug|Any CPU
		{018F1D81-B21D-4429-AE3F-DB39582C11A5}.VDebug|x86.ActiveCfg = VDebug|Any CPU
		{018F1D81-B21D-4429-AE3F-DB39582C11A5}.visual|Any CPU.ActiveCfg = visual|Any CPU
		{018F1D81-B21D-4429-AE3F-DB39582C11A5}.visual|Any CPU.Build.0 = visual|Any CPU
		{018F1D81-B21D-4429-AE3F-DB39582C11A5}.visual|Mixed Platforms.ActiveCfg = visual|Any CPU
		{018F1D81-B21D-4429-AE3F-DB39582C11A5}.visual|Mixed Platforms.Build.0 = visual|Any CPU
		{018F1D81-B21D-4429-AE3F-DB39582C11A5}.visual|x86.ActiveCfg = visual|Any CPU
		{3FFE598F-C8E8-4411-9C81-50647AF91EFA}.Debug|Any CPU.ActiveCfg = Debug|Any CPU
		{3FFE598F-C8E8-4411-9C81-50647AF91EFA}.Debug|Any CPU.Build.0 = Debug|Any CPU
		{3FFE598F-C8E8-4411-9C81-50647AF91EFA}.Debug|Mixed Platforms.ActiveCfg = Debug|Any CPU
		{3FFE598F-C8E8-4411-9C81-50647AF91EFA}.Debug|Mixed Platforms.Build.0 = Debug|Any CPU
		{3FFE598F-C8E8-4411-9C81-50647AF91EFA}.Debug|x86.ActiveCfg = Debug|Any CPU
		{3FFE598F-C8E8-4411-9C81-50647AF91EFA}.Release|Any CPU.ActiveCfg = Release|Any CPU
		{3FFE598F-C8E8-4411-9C81-50647AF91EFA}.Release|Any CPU.Build.0 = Release|Any CPU
		{3FFE598F-C8E8-4411-9C81-50647AF91EFA}.Release|Mixed Platforms.ActiveCfg = Release|Any CPU
		{3FFE598F-C8E8-4411-9C81-50647AF91EFA}.Release|Mixed Platforms.Build.0 = Release|Any CPU
		{3FFE598F-C8E8-4411-9C81-50647AF91EFA}.Release|x86.ActiveCfg = Release|Any CPU
		{3FFE598F-C8E8-4411-9C81-50647AF91EFA}.VDebuf|Any CPU.ActiveCfg = VDebuf|Any CPU
		{3FFE598F-C8E8-4411-9C81-50647AF91EFA}.VDebuf|Any CPU.Build.0 = VDebuf|Any CPU
		{3FFE598F-C8E8-4411-9C81-50647AF91EFA}.VDebuf|Mixed Platforms.ActiveCfg = VDebuf|Any CPU
		{3FFE598F-C8E8-4411-9C81-50647AF91EFA}.VDebuf|Mixed Platforms.Build.0 = VDebuf|Any CPU
		{3FFE598F-C8E8-4411-9C81-50647AF91EFA}.VDebuf|x86.ActiveCfg = VDebuf|Any CPU
		{3FFE598F-C8E8-4411-9C81-50647AF91EFA}.VDebug|Any CPU.ActiveCfg = VDebug|Any CPU
		{3FFE598F-C8E8-4411-9C81-50647AF91EFA}.VDebug|Any CPU.Build.0 = VDebug|Any CPU
		{3FFE598F-C8E8-4411-9C81-50647AF91EFA}.VDebug|Mixed Platforms.ActiveCfg = VDebug|Any CPU
		{3FFE598F-C8E8-4411-9C81-50647AF91EFA}.VDebug|Mixed Platforms.Build.0 = VDebug|Any CPU
		{3FFE598F-C8E8-4411-9C81-50647AF91EFA}.VDebug|x86.ActiveCfg = VDebug|Any CPU
		{3FFE598F-C8E8-4411-9C81-50647AF91EFA}.visual|Any CPU.ActiveCfg = visual|Any CPU
		{3FFE598F-C8E8-4411-9C81-50647AF91EFA}.visual|Any CPU.Build.0 = visual|Any CPU
		{3FFE598F-C8E8-4411-9C81-50647AF91EFA}.visual|Mixed Platforms.ActiveCfg = visual|Any CPU
		{3FFE598F-C8E8-4411-9C81-50647AF91EFA}.visual|Mixed Platforms.Build.0 = visual|Any CPU
		{3FFE598F-C8E8-4411-9C81-50647AF91EFA}.visual|x86.ActiveCfg = visual|Any CPU
		{CCF94153-EA41-48FE-B8FE-10862948C7B1}.Debug|Any CPU.ActiveCfg = Debug|Any CPU
		{CCF94153-EA41-48FE-B8FE-10862948C7B1}.Debug|Any CPU.Build.0 = Debug|Any CPU
		{CCF94153-EA41-48FE-B8FE-10862948C7B1}.Debug|Mixed Platforms.ActiveCfg = Debug|Any CPU
		{CCF94153-EA41-48FE-B8FE-10862948C7B1}.Debug|Mixed Platforms.Build.0 = Debug|Any CPU
		{CCF94153-EA41-48FE-B8FE-10862948C7B1}.Debug|x86.ActiveCfg = Debug|Any CPU
		{CCF94153-EA41-48FE-B8FE-10862948C7B1}.Release|Any CPU.ActiveCfg = Release|Any CPU
		{CCF94153-EA41-48FE-B8FE-10862948C7B1}.Release|Any CPU.Build.0 = Release|Any CPU
		{CCF94153-EA41-48FE-B8FE-10862948C7B1}.Release|Mixed Platforms.ActiveCfg = Release|Any CPU
		{CCF94153-EA41-48FE-B8FE-10862948C7B1}.Release|Mixed Platforms.Build.0 = Release|Any CPU
		{CCF94153-EA41-48FE-B8FE-10862948C7B1}.Release|x86.ActiveCfg = Release|Any CPU
		{CCF94153-EA41-48FE-B8FE-10862948C7B1}.VDebuf|Any CPU.ActiveCfg = VDebuf|Any CPU
		{CCF94153-EA41-48FE-B8FE-10862948C7B1}.VDebuf|Any CPU.Build.0 = VDebuf|Any CPU
		{CCF94153-EA41-48FE-B8FE-10862948C7B1}.VDebuf|Mixed Platforms.ActiveCfg = VDebuf|Any CPU
		{CCF94153-EA41-48FE-B8FE-10862948C7B1}.VDebuf|Mixed Platforms.Build.0 = VDebuf|Any CPU
		{CCF94153-EA41-48FE-B8FE-10862948C7B1}.VDebuf|x86.ActiveCfg = VDebuf|Any CPU
		{CCF94153-EA41-48FE-B8FE-10862948C7B1}.VDebug|Any CPU.ActiveCfg = VDebug|Any CPU
		{CCF94153-EA41-48FE-B8FE-10862948C7B1}.VDebug|Any CPU.Build.0 = VDebug|Any CPU
		{CCF94153-EA41-48FE-B8FE-10862948C7B1}.VDebug|Mixed Platforms.ActiveCfg = VDebug|Any CPU
		{CCF94153-EA41-48FE-B8FE-10862948C7B1}.VDebug|Mixed Platforms.Build.0 = VDebug|Any CPU
		{CCF94153-EA41-48FE-B8FE-10862948C7B1}.VDebug|x86.ActiveCfg = VDebug|Any CPU
		{CCF94153-EA41-48FE-B8FE-10862948C7B1}.visual|Any CPU.ActiveCfg = visual|Any CPU
		{CCF94153-EA41-48FE-B8FE-10862948C7B1}.visual|Any CPU.Build.0 = visual|Any CPU
		{CCF94153-EA41-48FE-B8FE-10862948C7B1}.visual|Mixed Platforms.ActiveCfg = visual|Any CPU
		{CCF94153-EA41-48FE-B8FE-10862948C7B1}.visual|Mixed Platforms.Build.0 = visual|Any CPU
		{CCF94153-EA41-48FE-B8FE-10862948C7B1}.visual|x86.ActiveCfg = visual|Any CPU
		{25B9FB42-E270-49B3-AAB0-D5FAE4ED6CCB}.Debug|Any CPU.ActiveCfg = Debug|x86
		{25B9FB42-E270-49B3-AAB0-D5FAE4ED6CCB}.Debug|Mixed Platforms.ActiveCfg = Debug|x86
		{25B9FB42-E270-49B3-AAB0-D5FAE4ED6CCB}.Debug|Mixed Platforms.Build.0 = Debug|x86
		{25B9FB42-E270-49B3-AAB0-D5FAE4ED6CCB}.Debug|x86.ActiveCfg = Debug|x86
		{25B9FB42-E270-49B3-AAB0-D5FAE4ED6CCB}.Debug|x86.Build.0 = Debug|x86
		{25B9FB42-E270-49B3-AAB0-D5FAE4ED6CCB}.Release|Any CPU.ActiveCfg = Release|x86
		{25B9FB42-E270-49B3-AAB0-D5FAE4ED6CCB}.Release|Mixed Platforms.ActiveCfg = Release|x86
		{25B9FB42-E270-49B3-AAB0-D5FAE4ED6CCB}.Release|Mixed Platforms.Build.0 = Release|x86
		{25B9FB42-E270-49B3-AAB0-D5FAE4ED6CCB}.Release|x86.ActiveCfg = Release|x86
		{25B9FB42-E270-49B3-AAB0-D5FAE4ED6CCB}.Release|x86.Build.0 = Release|x86
		{25B9FB42-E270-49B3-AAB0-D5FAE4ED6CCB}.VDebuf|Any CPU.ActiveCfg = VDebuf|x86
		{25B9FB42-E270-49B3-AAB0-D5FAE4ED6CCB}.VDebuf|Mixed Platforms.ActiveCfg = VDebuf|x86
		{25B9FB42-E270-49B3-AAB0-D5FAE4ED6CCB}.VDebuf|Mixed Platforms.Build.0 = VDebuf|x86
		{25B9FB42-E270-49B3-AAB0-D5FAE4ED6CCB}.VDebuf|x86.ActiveCfg = VDebuf|x86
		{25B9FB42-E270-49B3-AAB0-D5FAE4ED6CCB}.VDebuf|x86.Build.0 = VDebuf|x86
		{25B9FB42-E270-49B3-AAB0-D5FAE4ED6CCB}.VDebug|Any CPU.ActiveCfg = VDebug|x86
		{25B9FB42-E270-49B3-AAB0-D5FAE4ED6CCB}.VDebug|Mixed Platforms.ActiveCfg = VDebug|x86
		{25B9FB42-E270-49B3-AAB0-D5FAE4ED6CCB}.VDebug|Mixed Platforms.Build.0 = VDebug|x86
		{25B9FB42-E270-49B3-AAB0-D5FAE4ED6CCB}.VDebug|x86.ActiveCfg = VDebug|x86
		{25B9FB42-E270-49B3-AAB0-D5FAE4ED6CCB}.VDebug|x86.Build.0 = VDebug|x86
		{25B9FB42-E270-49B3-AAB0-D5FAE4ED6CCB}.visual|Any CPU.ActiveCfg = visual|x86
		{25B9FB42-E270-49B3-AAB0-D5FAE4ED6CCB}.visual|Mixed Platforms.ActiveCfg = visual|x86
		{25B9FB42-E270-49B3-AAB0-D5FAE4ED6CCB}.visual|Mixed Platforms.Build.0 = visual|x86
		{25B9FB42-E270-49B3-AAB0-D5FAE4ED6CCB}.visual|x86.ActiveCfg = visual|x86
		{25B9FB42-E270-49B3-AAB0-D5FAE4ED6CCB}.visual|x86.Build.0 = visual|x86
		{C0B6CE74-540B-455C-A99B-01F0DE723162}.Debug|Any CPU.ActiveCfg = Debug|x86
		{C0B6CE74-540B-455C-A99B-01F0DE723162}.Debug|Mixed Platforms.ActiveCfg = Debug|x86
		{C0B6CE74-540B-455C-A99B-01F0DE723162}.Debug|Mixed Platforms.Build.0 = Debug|x86
		{C0B6CE74-540B-455C-A99B-01F0DE723162}.Debug|x86.ActiveCfg = Debug|x86
		{C0B6CE74-540B-455C-A99B-01F0DE723162}.Debug|x86.Build.0 = Debug|x86
		{C0B6CE74-540B-455C-A99B-01F0DE723162}.Release|Any CPU.ActiveCfg = Release|x86
		{C0B6CE74-540B-455C-A99B-01F0DE723162}.Release|Mixed Platforms.ActiveCfg = Release|x86
		{C0B6CE74-540B-455C-A99B-01F0DE723162}.Release|Mixed Platforms.Build.0 = Release|x86
		{C0B6CE74-540B-455C-A99B-01F0DE723162}.Release|x86.ActiveCfg = Release|x86
		{C0B6CE74-540B-455C-A99B-01F0DE723162}.Release|x86.Build.0 = Release|x86
		{C0B6CE74-540B-455C-A99B-01F0DE723162}.VDebuf|Any CPU.ActiveCfg = VDebuf|x86
		{C0B6CE74-540B-455C-A99B-01F0DE723162}.VDebuf|Mixed Platforms.ActiveCfg = VDebuf|x86
		{C0B6CE74-540B-455C-A99B-01F0DE723162}.VDebuf|Mixed Platforms.Build.0 = VDebuf|x86
		{C0B6CE74-540B-455C-A99B-01F0DE723162}.VDebuf|x86.ActiveCfg = VDebuf|x86
		{C0B6CE74-540B-455C-A99B-01F0DE723162}.VDebuf|x86.Build.0 = VDebuf|x86
		{C0B6CE74-540B-455C-A99B-01F0DE723162}.VDebug|Any CPU.ActiveCfg = VDebug|x86
		{C0B6CE74-540B-455C-A99B-01F0DE723162}.VDebug|Mixed Platforms.ActiveCfg = VDebug|x86
		{C0B6CE74-540B-455C-A99B-01F0DE723162}.VDebug|Mixed Platforms.Build.0 = VDebug|x86
		{C0B6CE74-540B-455C-A99B-01F0DE723162}.VDebug|x86.ActiveCfg = VDebug|x86
		{C0B6CE74-540B-455C-A99B-01F0DE723162}.VDebug|x86.Build.0 = VDebug|x86
		{C0B6CE74-540B-455C-A99B-01F0DE723162}.visual|Any CPU.ActiveCfg = visual|x86
		{C0B6CE74-540B-455C-A99B-01F0DE723162}.visual|Mixed Platforms.ActiveCfg = visual|x86
		{C0B6CE74-540B-455C-A99B-01F0DE723162}.visual|Mixed Platforms.Build.0 = visual|x86
		{C0B6CE74-540B-455C-A99B-01F0DE723162}.visual|x86.ActiveCfg = visual|x86
		{C0B6CE74-540B-455C-A99B-01F0DE723162}.visual|x86.Build.0 = visual|x86
		{5CF808D8-D9C6-4378-99C6-AFCBEFA0C895}.Debug|Any CPU.ActiveCfg = Debug|Any CPU
		{5CF808D8-D9C6-4378-99C6-AFCBEFA0C895}.Debug|Any CPU.Build.0 = Debug|Any CPU
		{5CF808D8-D9C6-4378-99C6-AFCBEFA0C895}.Debug|Mixed Platforms.ActiveCfg = Debug|Any CPU
		{5CF808D8-D9C6-4378-99C6-AFCBEFA0C895}.Debug|Mixed Platforms.Build.0 = Debug|Any CPU
		{5CF808D8-D9C6-4378-99C6-AFCBEFA0C895}.Debug|x86.ActiveCfg = Debug|Any CPU
		{5CF808D8-D9C6-4378-99C6-AFCBEFA0C895}.Release|Any CPU.ActiveCfg = Release|Any CPU
		{5CF808D8-D9C6-4378-99C6-AFCBEFA0C895}.Release|Any CPU.Build.0 = Release|Any CPU
		{5CF808D8-D9C6-4378-99C6-AFCBEFA0C895}.Release|Mixed Platforms.ActiveCfg = Release|Any CPU
		{5CF808D8-D9C6-4378-99C6-AFCBEFA0C895}.Release|Mixed Platforms.Build.0 = Release|Any CPU
		{5CF808D8-D9C6-4378-99C6-AFCBEFA0C895}.Release|x86.ActiveCfg = Release|Any CPU
		{5CF808D8-D9C6-4378-99C6-AFCBEFA0C895}.VDebuf|Any CPU.ActiveCfg = VDebuf|Any CPU
		{5CF808D8-D9C6-4378-99C6-AFCBEFA0C895}.VDebuf|Any CPU.Build.0 = VDebuf|Any CPU
		{5CF808D8-D9C6-4378-99C6-AFCBEFA0C895}.VDebuf|Mixed Platforms.ActiveCfg = VDebuf|Any CPU
		{5CF808D8-D9C6-4378-99C6-AFCBEFA0C895}.VDebuf|Mixed Platforms.Build.0 = VDebuf|Any CPU
		{5CF808D8-D9C6-4378-99C6-AFCBEFA0C895}.VDebuf|x86.ActiveCfg = VDebuf|Any CPU
		{5CF808D8-D9C6-4378-99C6-AFCBEFA0C895}.VDebug|Any CPU.ActiveCfg = VDebug|Any CPU
		{5CF808D8-D9C6-4378-99C6-AFCBEFA0C895}.VDebug|Any CPU.Build.0 = VDebug|Any CPU
		{5CF808D8-D9C6-4378-99C6-AFCBEFA0C895}.VDebug|Mixed Platforms.ActiveCfg = VDebug|Any CPU
		{5CF808D8-D9C6-4378-99C6-AFCBEFA0C895}.VDebug|Mixed Platforms.Build.0 = VDebug|Any CPU
		{5CF808D8-D9C6-4378-99C6-AFCBEFA0C895}.VDebug|x86.ActiveCfg = VDebug|Any CPU
		{5CF808D8-D9C6-4378-99C6-AFCBEFA0C895}.visual|Any CPU.ActiveCfg = visual|Any CPU
		{5CF808D8-D9C6-4378-99C6-AFCBEFA0C895}.visual|Any CPU.Build.0 = visual|Any CPU
		{5CF808D8-D9C6-4378-99C6-AFCBEFA0C895}.visual|Mixed Platforms.ActiveCfg = visual|Any CPU
		{5CF808D8-D9C6-4378-99C6-AFCBEFA0C895}.visual|Mixed Platforms.Build.0 = visual|Any CPU
		{5CF808D8-D9C6-4378-99C6-AFCBEFA0C895}.visual|x86.ActiveCfg = visual|Any CPU
		{E97D0932-27FD-4AED-9A55-BC0C07E183B3}.Debug|Any CPU.ActiveCfg = Debug|Any CPU
		{E97D0932-27FD-4AED-9A55-BC0C07E183B3}.Debug|Any CPU.Build.0 = Debug|Any CPU
		{E97D0932-27FD-4AED-9A55-BC0C07E183B3}.Debug|Mixed Platforms.ActiveCfg = Debug|Any CPU
		{E97D0932-27FD-4AED-9A55-BC0C07E183B3}.Debug|Mixed Platforms.Build.0 = Debug|Any CPU
		{E97D0932-27FD-4AED-9A55-BC0C07E183B3}.Debug|x86.ActiveCfg = Debug|Any CPU
		{E97D0932-27FD-4AED-9A55-BC0C07E183B3}.Release|Any CPU.ActiveCfg = Release|Any CPU
		{E97D0932-27FD-4AED-9A55-BC0C07E183B3}.Release|Any CPU.Build.0 = Release|Any CPU
		{E97D0932-27FD-4AED-9A55-BC0C07E183B3}.Release|Mixed Platforms.ActiveCfg = Release|Any CPU
		{E97D0932-27FD-4AED-9A55-BC0C07E183B3}.Release|Mixed Platforms.Build.0 = Release|Any CPU
		{E97D0932-27FD-4AED-9A55-BC0C07E183B3}.Release|x86.ActiveCfg = Release|Any CPU
		{E97D0932-27FD-4AED-9A55-BC0C07E183B3}.VDebuf|Any CPU.ActiveCfg = VDebuf|Any CPU
		{E97D0932-27FD-4AED-9A55-BC0C07E183B3}.VDebuf|Any CPU.Build.0 = VDebuf|Any CPU
		{E97D0932-27FD-4AED-9A55-BC0C07E183B3}.VDebuf|Mixed Platforms.ActiveCfg = VDebuf|Any CPU
		{E97D0932-27FD-4AED-9A55-BC0C07E183B3}.VDebuf|Mixed Platforms.Build.0 = VDebuf|Any CPU
		{E97D0932-27FD-4AED-9A55-BC0C07E183B3}.VDebuf|x86.ActiveCfg = VDebuf|Any CPU
		{E97D0932-27FD-4AED-9A55-BC0C07E183B3}.VDebug|Any CPU.ActiveCfg = VDebug|Any CPU
		{E97D0932-27FD-4AED-9A55-BC0C07E183B3}.VDebug|Any CPU.Build.0 = VDebug|Any CPU
		{E97D0932-27FD-4AED-9A55-BC0C07E183B3}.VDebug|Mixed Platforms.ActiveCfg = VDebug|Any CPU
		{E97D0932-27FD-4AED-9A55-BC0C07E183B3}.VDebug|Mixed Platforms.Build.0 = VDebug|Any CPU
		{E97D0932-27FD-4AED-9A55-BC0C07E183B3}.VDebug|x86.ActiveCfg = VDebug|Any CPU
		{E97D0932-27FD-4AED-9A55-BC0C07E183B3}.visual|Any CPU.ActiveCfg = visual|Any CPU
		{E97D0932-27FD-4AED-9A55-BC0C07E183B3}.visual|Any CPU.Build.0 = visual|Any CPU
		{E97D0932-27FD-4AED-9A55-BC0C07E183B3}.visual|Mixed Platforms.ActiveCfg = visual|Any CPU
		{E97D0932-27FD-4AED-9A55-BC0C07E183B3}.visual|Mixed Platforms.Build.0 = visual|Any CPU
		{E97D0932-27FD-4AED-9A55-BC0C07E183B3}.visual|x86.ActiveCfg = visual|Any CPU
	EndGlobalSection
	GlobalSection(SolutionProperties) = preSolution
		HideSolutionNode = FALSE
	EndGlobalSection
	GlobalSection(TestCaseManagementSettings) = postSolution
		CategoryFile = QAManagement.vsmdi
	EndGlobalSection
	GlobalSection(SubversionScc) = preSolution
		Svn-Managed = True
		Manager = AnkhSVN - Subversion Support for Visual Studio
	EndGlobalSection
EndGlobal
